
Microsoft Visual Studio Solution File, Format Version 12.00
# Visual Studio 15
VisualStudioVersion = 15.0.28307.539
MinimumVisualStudioVersion = 10.0.40219.1
Project("{FAE04EC0-301F-11D3-BF4B-00C04F79EFBC}") = "CalendarApp", "CalendarApp\CalendarApp.csproj", "{DDD38320-FFA0-43C8-B166-054163F271AA}"
EndProject
Global
	GlobalSection(SolutionConfigurationPlatforms) = preSolution
		Debug|Any CPU = Debug|Any CPU
		Release|Any CPU = Release|Any CPU
	EndGlobalSection
	GlobalSection(ProjectConfigurationPlatforms) = postSolution
		{DDD38320-FFA0-43C8-B166-054163F271AA}.Debug|Any CPU.ActiveCfg = Debug|Any CPU
		{DDD38320-FFA0-43C8-B166-054163F271AA}.Debug|Any CPU.Build.0 = Debug|Any CPU
		{DDD38320-FFA0-43C8-B166-054163F271AA}.Release|Any CPU.ActiveCfg = Release|Any CPU
		{DDD38320-FFA0-43C8-B166-054163F271AA}.Release|Any CPU.Build.0 = Release|Any CPU
	EndGlobalSection
	GlobalSection(SolutionProperties) = preSolution
		HideSolutionNode = FALSE
	EndGlobalSection
	GlobalSection(ExtensibilityGlobals) = postSolution
		SolutionGuid = {9C96C269-B725-404C-9283-6470D6FB825B}
	EndGlobalSection
EndGlobal
